<?xml version="1.0" encoding="utf-8"?>
<Project ToolsVersion="4.0" xmlns="http://schemas.microsoft.com/developer/msbuild/2003">
  <ItemGroup>
    <Filter Include="Source Files">
      <UniqueIdentifier>{4FC737F1-C7A5-4376-A066-2A32D752A2FF}</UniqueIdentifier>
      <Extensions>cpp;c;cc;cxx;def;odl;idl;hpj;bat;asm;asmx</Extensions>
    </Filter>
    <Filter Include="Header Files">
      <UniqueIdentifier>{93995380-89BD-4b04-88EB-625FBE52EBFB}</UniqueIdentifier>
      <Extensions>h;hh;hpp;hxx;hm;inl;inc;xsd</Extensions>
    </Filter>
    <Filter Include="Resource Files">
      <UniqueIdentifier>{67DA6AB6-F800-4c08-8B7A-83BB121AAD01}</UniqueIdentifier>
      <Extensions>rc;ico;cur;bmp;dlg;rc2;rct;bin;rgs;gif;jpg;jpeg;jpe;resx;tiff;tif;png;wav</Extensions>
    </Filter>
  </ItemGroup>
  <ItemGroup>
    <ClCompile Include="dungeonsanddragons\Armor.cpp">
      <Filter>Source Files</Filter>
    </ClCompile>
    <ClCompile Include="dungeonsanddragons\Belt.cpp">
      <Filter>Source Files</Filter>
    </ClCompile>
    <ClCompile Include="dungeonsanddragons\Boots.cpp">
      <Filter>Source Files</Filter>
    </ClCompile>
    <ClCompile Include="dungeonsanddragons\Character.cpp">
      <Filter>Source Files</Filter>
    </ClCompile>
    <ClCompile Include="dungeonsanddragons\CharacterObserver.cpp">
      <Filter>Source Files</Filter>
    </ClCompile>
    <ClCompile Include="dungeonsanddragons\ConsoleView.cpp">
      <Filter>Source Files</Filter>
    </ClCompile>
    <ClCompile Include="dungeonsanddragons\Dice.cpp">
      <Filter>Source Files</Filter>
    </ClCompile>
    <ClCompile Include="dungeonsanddragons\Driver.cpp">
      <Filter>Source Files</Filter>
    </ClCompile>
    <ClCompile Include="dungeonsanddragons\DungeonsAndDragons.cpp">
      <Filter>Source Files</Filter>
    </ClCompile>
    <ClCompile Include="dungeonsanddragons\Enhancement.cpp">
      <Filter>Source Files</Filter>
    </ClCompile>
    <ClCompile Include="dungeonsanddragons\Helmet.cpp">
      <Filter>Source Files</Filter>
    </ClCompile>
    <ClCompile Include="dungeonsanddragons\Item.cpp">
      <Filter>Source Files</Filter>
    </ClCompile>
    <ClCompile Include="dungeonsanddragons\ItemContainer.cpp">
      <Filter>Source Files</Filter>
    </ClCompile>
    <ClCompile Include="dungeonsanddragons\MapObject.cpp">
      <Filter>Source Files</Filter>
    </ClCompile>
    <ClCompile Include="dungeonsanddragons\MapPlay.cpp">
      <Filter>Source Files</Filter>
    </ClCompile>
    <ClCompile Include="dungeonsanddragons\Observer.cpp">
      <Filter>Source Files</Filter>
    </ClCompile>
    <ClCompile Include="dungeonsanddragons\Ring.cpp">
      <Filter>Source Files</Filter>
    </ClCompile>
    <ClCompile Include="dungeonsanddragons\Shield.cpp">
      <Filter>Source Files</Filter>
    </ClCompile>
    <ClCompile Include="dungeonsanddragons\stdafx.cpp">
      <Filter>Source Files</Filter>
    </ClCompile>
    <ClCompile Include="dungeonsanddragons\Subject.cpp">
      <Filter>Source Files</Filter>
    </ClCompile>
    <ClCompile Include="dungeonsanddragons\Weapon.cpp">
      <Filter>Source Files</Filter>
    </ClCompile>
  </ItemGroup>
  <ItemGroup>
    <ClInclude Include="dungeonsanddragons\Armor.h">
      <Filter>Header Files</Filter>
    </ClInclude>
    <ClInclude Include="dungeonsanddragons\Belt.h">
      <Filter>Header Files</Filter>
    </ClInclude>
    <ClInclude Include="dungeonsanddragons\Boots.h">
      <Filter>Header Files</Filter>
    </ClInclude>
    <ClInclude Include="dungeonsanddragons\Character.h">
      <Filter>Header Files</Filter>
    </ClInclude>
    <ClInclude Include="dungeonsanddragons\CharacterObserver.h">
      <Filter>Header Files</Filter>
    </ClInclude>
    <ClInclude Include="dungeonsanddragons\ConsoleView.h">
      <Filter>Header Files</Filter>
    </ClInclude>
    <ClInclude Include="dungeonsanddragons\Dice.h">
      <Filter>Header Files</Filter>
    </ClInclude>
    <ClInclude Include="dungeonsanddragons\Enhancement.h">
      <Filter>Header Files</Filter>
    </ClInclude>
    <ClInclude Include="dungeonsanddragons\Helmet.h">
      <Filter>Header Files</Filter>
    </ClInclude>
    <ClInclude Include="dungeonsanddragons\Item.h">
      <Filter>Header Files</Filter>
    </ClInclude>
    <ClInclude Include="dungeonsanddragons\ItemContainer.h">
      <Filter>Header Files</Filter>
    </ClInclude>
    <ClInclude Include="dungeonsanddragons\MapObject.h">
      <Filter>Header Files</Filter>
    </ClInclude>
    <ClInclude Include="dungeonsanddragons\MapPlay.h">
      <Filter>Header Files</Filter>
    </ClInclude>
    <ClInclude Include="dungeonsanddragons\Observer.h">
      <Filter>Header Files</Filter>
    </ClInclude>
    <ClInclude Include="dungeonsanddragons\Ring.h">
      <Filter>Header Files</Filter>
    </ClInclude>
    <ClInclude Include="dungeonsanddragons\Shield.h">
      <Filter>Header Files</Filter>
    </ClInclude>
    <ClInclude Include="dungeonsanddragons\stdafx.h">
      <Filter>Header Files</Filter>
    </ClInclude>
    <ClInclude Include="dungeonsanddragons\Subject.h">
      <Filter>Header Files</Filter>
    </ClInclude>
    <ClInclude Include="dungeonsanddragons\targetver.h">
      <Filter>Header Files</Filter>
    </ClInclude>
    <ClInclude Include="dungeonsanddragons\Weapon.h">
      <Filter>Header Files</Filter>
    </ClInclude>
  </ItemGroup>
</Project>